
Microsoft Visual Studio Solution File, Format Version 12.00
# Visual Studio 15
VisualStudioVersion = 15.0.27130.2027
MinimumVisualStudioVersion = 10.0.40219.1
Project("{8BC9CEB8-8B4A-11D0-8D11-00A0C91BC942}") = "Client", "Client\Client.vcxproj", "{E212F992-5135-42B0-A030-F6CDF532A2BB}"
	ProjectSection(ProjectDependencies) = postProject
		{B56FFF46-0B5A-44C4-A6A1-EE3B6AEE965A} = {B56FFF46-0B5A-44C4-A6A1-EE3B6AEE965A}
	EndProjectSection
EndProject
Project("{00D1A9C2-B5F0-4AF3-8072-F6C62B433612}") = "StudentsInfo", "StudentsInfo\StudentsInfo.sqlproj", "{5D121AE0-83FE-4D14-8430-D9D208BC3674}"
EndProject
Project("{8BC9CEB8-8B4A-11D0-8D11-00A0C91BC942}") = "Socket_IOCP", "Socket_IOCP\Socket_IOCP.vcxproj", "{63E41782-0A63-47AC-B889-490DEBE5A05E}"
EndProject
Project("{8BC9CEB8-8B4A-11D0-8D11-00A0C91BC942}") = "Socket", "Socket\Socket.vcxproj", "{B56FFF46-0B5A-44C4-A6A1-EE3B6AEE965A}"
EndProject
Project("{8BC9CEB8-8B4A-11D0-8D11-00A0C91BC942}") = "Server", "Server\Server.vcxproj", "{1793E5AE-0CA5-4445-BE0F-B8599D05864B}"
	ProjectSection(ProjectDependencies) = postProject
		{B56FFF46-0B5A-44C4-A6A1-EE3B6AEE965A} = {B56FFF46-0B5A-44C4-A6A1-EE3B6AEE965A}
	EndProjectSection
EndProject
Project("{8BC9CEB8-8B4A-11D0-8D11-00A0C91BC942}") = "MiddleWare", "MiddleWare\MiddleWare.vcxproj", "{5BA51D08-2F87-4FB7-B39E-7A3081E25EDF}"
	ProjectSection(ProjectDependencies) = postProject
		{63E41782-0A63-47AC-B889-490DEBE5A05E} = {63E41782-0A63-47AC-B889-490DEBE5A05E}
	EndProjectSection
EndProject
Global
	GlobalSection(SolutionConfigurationPlatforms) = preSolution
		Debug|Any CPU = Debug|Any CPU
		Debug|x64 = Debug|x64
		Debug|x86 = Debug|x86
		Release|Any CPU = Release|Any CPU
		Release|x64 = Release|x64
		Release|x86 = Release|x86
	EndGlobalSection
	GlobalSection(ProjectConfigurationPlatforms) = postSolution
		{E212F992-5135-42B0-A030-F6CDF532A2BB}.Debug|Any CPU.ActiveCfg = Debug|Win32
		{E212F992-5135-42B0-A030-F6CDF532A2BB}.Debug|x64.ActiveCfg = Debug|x64
		{E212F992-5135-42B0-A030-F6CDF532A2BB}.Debug|x64.Build.0 = Debug|x64
		{E212F992-5135-42B0-A030-F6CDF532A2BB}.Debug|x86.ActiveCfg = Debug|Win32
		{E212F992-5135-42B0-A030-F6CDF532A2BB}.Debug|x86.Build.0 = Debug|Win32
		{E212F992-5135-42B0-A030-F6CDF532A2BB}.Release|Any CPU.ActiveCfg = Release|Win32
		{E212F992-5135-42B0-A030-F6CDF532A2BB}.Release|x64.ActiveCfg = Release|x64
		{E212F992-5135-42B0-A030-F6CDF532A2BB}.Release|x64.Build.0 = Release|x64
		{E212F992-5135-42B0-A030-F6CDF532A2BB}.Release|x86.ActiveCfg = Release|Win32
		{E212F992-5135-42B0-A030-F6CDF532A2BB}.Release|x86.Build.0 = Release|Win32
		{5D121AE0-83FE-4D14-8430-D9D208BC3674}.Debug|Any CPU.ActiveCfg = Debug|Any CPU
		{5D121AE0-83FE-4D14-8430-D9D208BC3674}.Debug|Any CPU.Build.0 = Debug|Any CPU
		{5D121AE0-83FE-4D14-8430-D9D208BC3674}.Debug|Any CPU.Deploy.0 = Debug|Any CPU
		{5D121AE0-83FE-4D14-8430-D9D208BC3674}.Debug|x64.ActiveCfg = Debug|Any CPU
		{5D121AE0-83FE-4D14-8430-D9D208BC3674}.Debug|x64.Build.0 = Debug|Any CPU
		{5D121AE0-83FE-4D14-8430-D9D208BC3674}.Debug|x64.Deploy.0 = Debug|Any CPU
		{5D121AE0-83FE-4D14-8430-D9D208BC3674}.Debug|x86.ActiveCfg = Debug|Any CPU
		{5D121AE0-83FE-4D14-8430-D9D208BC3674}.Release|Any CPU.ActiveCfg = Release|Any CPU
		{5D121AE0-83FE-4D14-8430-D9D208BC3674}.Release|Any CPU.Build.0 = Release|Any CPU
		{5D121AE0-83FE-4D14-8430-D9D208BC3674}.Release|Any CPU.Deploy.0 = Release|Any CPU
		{5D121AE0-83FE-4D14-8430-D9D208BC3674}.Release|x64.ActiveCfg = Release|Any CPU
		{5D121AE0-83FE-4D14-8430-D9D208BC3674}.Release|x64.Build.0 = Release|Any CPU
		{5D121AE0-83FE-4D14-8430-D9D208BC3674}.Release|x64.Deploy.0 = Release|Any CPU
		{5D121AE0-83FE-4D14-8430-D9D208BC3674}.Release|x86.ActiveCfg = Release|Any CPU
		{5D121AE0-83FE-4D14-8430-D9D208BC3674}.Release|x86.Build.0 = Release|Any CPU
		{5D121AE0-83FE-4D14-8430-D9D208BC3674}.Release|x86.Deploy.0 = Release|Any CPU
		{63E41782-0A63-47AC-B889-490DEBE5A05E}.Debug|Any CPU.ActiveCfg = Debug|Win32
		{63E41782-0A63-47AC-B889-490DEBE5A05E}.Debug|x64.ActiveCfg = Debug|x64
		{63E41782-0A63-47AC-B889-490DEBE5A05E}.Debug|x64.Build.0 = Debug|x64
		{63E41782-0A63-47AC-B889-490DEBE5A05E}.Debug|x86.ActiveCfg = Debug|Win32
		{63E41782-0A63-47AC-B889-490DEBE5A05E}.Debug|x86.Build.0 = Debug|Win32
		{63E41782-0A63-47AC-B889-490DEBE5A05E}.Release|Any CPU.ActiveCfg = Release|Win32
		{63E41782-0A63-47AC-B889-490DEBE5A05E}.Release|x64.ActiveCfg = Release|x64
		{63E41782-0A63-47AC-B889-490DEBE5A05E}.Release|x64.Build.0 = Release|x64
		{63E41782-0A63-47AC-B889-490DEBE5A05E}.Release|x86.ActiveCfg = Release|Win32
		{63E41782-0A63-47AC-B889-490DEBE5A05E}.Release|x86.Build.0 = Release|Win32
		{B56FFF46-0B5A-44C4-A6A1-EE3B6AEE965A}.Debug|Any CPU.ActiveCfg = Debug|Win32
		{B56FFF46-0B5A-44C4-A6A1-EE3B6AEE965A}.Debug|x64.ActiveCfg = Debug|x64
		{B56FFF46-0B5A-44C4-A6A1-EE3B6AEE965A}.Debug|x64.Build.0 = Debug|x64
		{B56FFF46-0B5A-44C4-A6A1-EE3B6AEE965A}.Debug|x86.ActiveCfg = Debug|Win32
		{B56FFF46-0B5A-44C4-A6A1-EE3B6AEE965A}.Debug|x86.Build.0 = Debug|Win32
		{B56FFF46-0B5A-44C4-A6A1-EE3B6AEE965A}.Release|Any CPU.ActiveCfg = Release|Win32
		{B56FFF46-0B5A-44C4-A6A1-EE3B6AEE965A}.Release|x64.ActiveCfg = Release|x64
		{B56FFF46-0B5A-44C4-A6A1-EE3B6AEE965A}.Release|x64.Build.0 = Release|x64
		{B56FFF46-0B5A-44C4-A6A1-EE3B6AEE965A}.Release|x86.ActiveCfg = Release|Win32
		{B56FFF46-0B5A-44C4-A6A1-EE3B6AEE965A}.Release|x86.Build.0 = Release|Win32
		{1793E5AE-0CA5-4445-BE0F-B8599D05864B}.Debug|Any CPU.ActiveCfg = Debug|Win32
		{1793E5AE-0CA5-4445-BE0F-B8599D05864B}.Debug|x64.ActiveCfg = Debug|x64
		{1793E5AE-0CA5-4445-BE0F-B8599D05864B}.Debug|x64.Build.0 = Debug|x64
		{1793E5AE-0CA5-4445-BE0F-B8599D05864B}.Debug|x86.ActiveCfg = Debug|Win32
		{1793E5AE-0CA5-4445-BE0F-B8599D05864B}.Debug|x86.Build.0 = Debug|Win32
		{1793E5AE-0CA5-4445-BE0F-B8599D05864B}.Release|Any CPU.ActiveCfg = Release|Win32
		{1793E5AE-0CA5-4445-BE0F-B8599D05864B}.Release|x64.ActiveCfg = Release|x64
		{1793E5AE-0CA5-4445-BE0F-B8599D05864B}.Release|x64.Build.0 = Release|x64
		{1793E5AE-0CA5-4445-BE0F-B8599D05864B}.Release|x86.ActiveCfg = Release|Win32
		{1793E5AE-0CA5-4445-BE0F-B8599D05864B}.Release|x86.Build.0 = Release|Win32
		{5BA51D08-2F87-4FB7-B39E-7A3081E25EDF}.Debug|Any CPU.ActiveCfg = Debug|Win32
		{5BA51D08-2F87-4FB7-B39E-7A3081E25EDF}.Debug|x64.ActiveCfg = Debug|x64
		{5BA51D08-2F87-4FB7-B39E-7A3081E25EDF}.Debug|x64.Build.0 = Debug|x64
		{5BA51D08-2F87-4FB7-B39E-7A3081E25EDF}.Debug|x86.ActiveCfg = Debug|Win32
		{5BA51D08-2F87-4FB7-B39E-7A3081E25EDF}.Debug|x86.Build.0 = Debug|Win32
		{5BA51D08-2F87-4FB7-B39E-7A3081E25EDF}.Release|Any CPU.ActiveCfg = Release|Win32
		{5BA51D08-2F87-4FB7-B39E-7A3081E25EDF}.Release|x64.ActiveCfg = Release|x64
		{5BA51D08-2F87-4FB7-B39E-7A3081E25EDF}.Release|x64.Build.0 = Release|x64
		{5BA51D08-2F87-4FB7-B39E-7A3081E25EDF}.Release|x86.ActiveCfg = Release|Win32
		{5BA51D08-2F87-4FB7-B39E-7A3081E25EDF}.Release|x86.Build.0 = Release|Win32
	EndGlobalSection
	GlobalSection(SolutionProperties) = preSolution
		HideSolutionNode = FALSE
	EndGlobalSection
	GlobalSection(ExtensibilityGlobals) = postSolution
		SolutionGuid = {B60EFFA8-09CE-43AE-BA34-85D6C23FB195}
	EndGlobalSection
EndGlobal
